// !$*UTF8*$!
{
	archiveVersion = 1;
	classes = {
	};
	objectVersion = 55;
	objects = {

/* Begin PBXBuildFile section */
		C81BAE8D282FC18A0053F27D /* UITestingNetworkingApp.swift in Sources */ = {isa = PBXBuildFile; fileRef = C81BAE8C282FC18A0053F27D /* UITestingNetworkingApp.swift */; };
		C81BAE8F282FC18A0053F27D /* ContentView.swift in Sources */ = {isa = PBXBuildFile; fileRef = C81BAE8E282FC18A0053F27D /* ContentView.swift */; };
		C81BAE91282FC18C0053F27D /* Assets.xcassets in Resources */ = {isa = PBXBuildFile; fileRef = C81BAE90282FC18C0053F27D /* Assets.xcassets */; };
		C81BAE94282FC18C0053F27D /* Preview Assets.xcassets in Resources */ = {isa = PBXBuildFile; fileRef = C81BAE93282FC18C0053F27D /* Preview Assets.xcassets */; };
		C81BAE9E282FC18C0053F27D /* UITestingNetworkingTests.swift in Sources */ = {isa = PBXBuildFile; fileRef = C81BAE9D282FC18C0053F27D /* UITestingNetworkingTests.swift */; };
		C81BAEA8282FC18C0053F27D /* UITestingNetworkingUITests.swift in Sources */ = {isa = PBXBuildFile; fileRef = C81BAEA7282FC18C0053F27D /* UITestingNetworkingUITests.swift */; };
		C82FEBF12879A9E100F86585 /* UITestingSupport in Frameworks */ = {isa = PBXBuildFile; productRef = C82FEBF02879A9E100F86585 /* UITestingSupport */; };
/* End PBXBuildFile section */

/* Begin PBXContainerItemProxy section */
		C81BAE9A282FC18C0053F27D /* PBXContainerItemProxy */ = {
			isa = PBXContainerItemProxy;
			containerPortal = C81BAE81282FC18A0053F27D /* Project object */;
			proxyType = 1;
			remoteGlobalIDString = C81BAE88282FC18A0053F27D;
			remoteInfo = UITestingNetworking;
		};
		C81BAEA4282FC18C0053F27D /* PBXContainerItemProxy */ = {
			isa = PBXContainerItemProxy;
			containerPortal = C81BAE81282FC18A0053F27D /* Project object */;
			proxyType = 1;
			remoteGlobalIDString = C81BAE88282FC18A0053F27D;
			remoteInfo = UITestingNetworking;
		};
/* End PBXContainerItemProxy section */

/* Begin PBXFileReference section */
		C81BAE89282FC18A0053F27D /* UITestingNetworking.app */ = {isa = PBXFileReference; explicitFileType = wrapper.application; includeInIndex = 0; path = UITestingNetworking.app; sourceTree = BUILT_PRODUCTS_DIR; };
		C81BAE8C282FC18A0053F27D /* UITestingNetworkingApp.swift */ = {isa = PBXFileReference; lastKnownFileType = sourcecode.swift; path = UITestingNetworkingApp.swift; sourceTree = "<group>"; };
		C81BAE8E282FC18A0053F27D /* ContentView.swift */ = {isa = PBXFileReference; lastKnownFileType = sourcecode.swift; path = ContentView.swift; sourceTree = "<group>"; };
		C81BAE90282FC18C0053F27D /* Assets.xcassets */ = {isa = PBXFileReference; lastKnownFileType = folder.assetcatalog; path = Assets.xcassets; sourceTree = "<group>"; };
		C81BAE93282FC18C0053F27D /* Preview Assets.xcassets */ = {isa = PBXFileReference; lastKnownFileType = folder.assetcatalog; path = "Preview Assets.xcassets"; sourceTree = "<group>"; };
		C81BAE99282FC18C0053F27D /* UITestingNetworkingTests.xctest */ = {isa = PBXFileReference; explicitFileType = wrapper.cfbundle; includeInIndex = 0; path = UITestingNetworkingTests.xctest; sourceTree = BUILT_PRODUCTS_DIR; };
		C81BAE9D282FC18C0053F27D /* UITestingNetworkingTests.swift */ = {isa = PBXFileReference; lastKnownFileType = sourcecode.swift; path = UITestingNetworkingTests.swift; sourceTree = "<group>"; };
		C81BAEA3282FC18C0053F27D /* UITestingNetworkingUITests.xctest */ = {isa = PBXFileReference; explicitFileType = wrapper.cfbundle; includeInIndex = 0; path = UITestingNetworkingUITests.xctest; sourceTree = BUILT_PRODUCTS_DIR; };
		C81BAEA7282FC18C0053F27D /* UITestingNetworkingUITests.swift */ = {isa = PBXFileReference; lastKnownFileType = sourcecode.swift; path = UITestingNetworkingUITests.swift; sourceTree = "<group>"; };
		C81BAEB7282FC2450053F27D /* UITestingSupport */ = {isa = PBXFileReference; lastKnownFileType = wrapper; path = UITestingSupport; sourceTree = "<group>"; };
/* End PBXFileReference section */

/* Begin PBXFrameworksBuildPhase section */
		C81BAE86282FC18A0053F27D /* Frameworks */ = {
			isa = PBXFrameworksBuildPhase;
			buildActionMask = 2147483647;
			files = (
				C82FEBF12879A9E100F86585 /* UITestingSupport in Frameworks */,
			);
			runOnlyForDeploymentPostprocessing = 0;
		};
		C81BAE96282FC18C0053F27D /* Frameworks */ = {
			isa = PBXFrameworksBuildPhase;
			buildActionMask = 2147483647;
			files = (
			);
			runOnlyForDeploymentPostprocessing = 0;
		};
		C81BAEA0282FC18C0053F27D /* Frameworks */ = {
			isa = PBXFrameworksBuildPhase;
			buildActionMask = 2147483647;
			files = (
			);
			runOnlyForDeploymentPostprocessing = 0;
		};
/* End PBXFrameworksBuildPhase section */

/* Begin PBXGroup section */
		C81BAE80282FC18A0053F27D = {
			isa = PBXGroup;
			children = (
				C81BAE8B282FC18A0053F27D /* UITestingNetworking */,
				C81BAE9C282FC18C0053F27D /* UITestingNetworkingTests */,
				C81BAEA6282FC18C0053F27D /* UITestingNetworkingUITests */,
				C81BAEB6282FC2450053F27D /* Packages */,
				C81BAE8A282FC18A0053F27D /* Products */,
				C82FEBEF2879A9E000F86585 /* Frameworks */,
			);
			sourceTree = "<group>";
		};
		C81BAE8A282FC18A0053F27D /* Products */ = {
			isa = PBXGroup;
			children = (
				C81BAE89282FC18A0053F27D /* UITestingNetworking.app */,
				C81BAE99282FC18C0053F27D /* UITestingNetworkingTests.xctest */,
				C81BAEA3282FC18C0053F27D /* UITestingNetworkingUITests.xctest */,
			);
			name = Products;
			sourceTree = "<group>";
		};
		C81BAE8B282FC18A0053F27D /* UITestingNetworking */ = {
			isa = PBXGroup;
			children = (
				C81BAE8C282FC18A0053F27D /* UITestingNetworkingApp.swift */,
				C81BAE8E282FC18A0053F27D /* ContentView.swift */,
				C81BAE90282FC18C0053F27D /* Assets.xcassets */,
				C81BAE92282FC18C0053F27D /* Preview Content */,
			);
			path = UITestingNetworking;
			sourceTree = "<group>";
		};
		C81BAE92282FC18C0053F27D /* Preview Content */ = {
			isa = PBXGroup;
			children = (
				C81BAE93282FC18C0053F27D /* Preview Assets.xcassets */,
			);
			path = "Preview Content";
			sourceTree = "<group>";
		};
		C81BAE9C282FC18C0053F27D /* UITestingNetworkingTests */ = {
			isa = PBXGroup;
			children = (
				C81BAE9D282FC18C0053F27D /* UITestingNetworkingTests.swift */,
			);
			path = UITestingNetworkingTests;
			sourceTree = "<group>";
		};
		C81BAEA6282FC18C0053F27D /* UITestingNetworkingUITests */ = {
			isa = PBXGroup;
			children = (
				C81BAEA7282FC18C0053F27D /* UITestingNetworkingUITests.swift */,
			);
			path = UITestingNetworkingUITests;
			sourceTree = "<group>";
		};
		C81BAEB6282FC2450053F27D /* Packages */ = {
			isa = PBXGroup;
			children = (
				C81BAEB7282FC2450053F27D /* UITestingSupport */,
			);
			name = Packages;
			sourceTree = "<group>";
		};
		C82FEBEF2879A9E000F86585 /* Frameworks */ = {
			isa = PBXGroup;
			children = (
			);
			name = Frameworks;
			sourceTree = "<group>";
		};
/* End PBXGroup section */

/* Begin PBXNativeTarget section */
		C81BAE88282FC18A0053F27D /* UITestingNetworking */ = {
			isa = PBXNativeTarget;
			buildConfigurationList = C81BAEAD282FC18C0053F27D /* Build configuration list for PBXNativeTarget "UITestingNetworking" */;
			buildPhases = (
				C81BAE85282FC18A0053F27D /* Sources */,
				C81BAE86282FC18A0053F27D /* Frameworks */,
				C81BAE87282FC18A0053F27D /* Resources */,
			);
			buildRules = (
			);
			dependencies = (
			);
			name = UITestingNetworking;
			packageProductDependencies = (
				C82FEBF02879A9E100F86585 /* UITestingSupport */,
			);
			productName = UITestingNetworking;
			productReference = C81BAE89282FC18A0053F27D /* UITestingNetworking.app */;
			productType = "com.apple.product-type.application";
		};
		C81BAE98282FC18C0053F27D /* UITestingNetworkingTests */ = {
			isa = PBXNativeTarget;
			buildConfigurationList = C81BAEB0282FC18C0053F27D /* Build configuration list for PBXNativeTarget "UITestingNetworkingTests" */;
			buildPhases = (
				C81BAE95282FC18C0053F27D /* Sources */,
				C81BAE96282FC18C0053F27D /* Frameworks */,
				C81BAE97282FC18C0053F27D /* Resources */,
			);
			buildRules = (
			);
			dependencies = (
				C81BAE9B282FC18C0053F27D /* PBXTargetDependency */,
			);
			name = UITestingNetworkingTests;
			productName = UITestingNetworkingTests;
			productReference = C81BAE99282FC18C0053F27D /* UITestingNetworkingTests.xctest */;
			productType = "com.apple.product-type.bundle.unit-test";
		};
		C81BAEA2282FC18C0053F27D /* UITestingNetworkingUITests */ = {
			isa = PBXNativeTarget;
			buildConfigurationList = C81BAEB3282FC18C0053F27D /* Build configuration list for PBXNativeTarget "UITestingNetworkingUITests" */;
			buildPhases = (
				C81BAE9F282FC18C0053F27D /* Sources */,
				C81BAEA0282FC18C0053F27D /* Frameworks */,
				C81BAEA1282FC18C0053F27D /* Resources */,
			);
			buildRules = (
			);
			dependencies = (
				C81BAEA5282FC18C0053F27D /* PBXTargetDependency */,
			);
			name = UITestingNetworkingUITests;
			productName = UITestingNetworkingUITests;
			productReference = C81BAEA3282FC18C0053F27D /* UITestingNetworkingUITests.xctest */;
			productType = "com.apple.product-type.bundle.ui-testing";
		};
/* End PBXNativeTarget section */

/* Begin PBXProject section */
		C81BAE81282FC18A0053F27D /* Project object */ = {
			isa = PBXProject;
			attributes = {
				BuildIndependentTargetsInParallel = 1;
				LastSwiftUpdateCheck = 1330;
				LastUpgradeCheck = 1330;
				TargetAttributes = {
					C81BAE88282FC18A0053F27D = {
						CreatedOnToolsVersion = 13.3;
					};
					C81BAE98282FC18C0053F27D = {
						CreatedOnToolsVersion = 13.3;
						TestTargetID = C81BAE88282FC18A0053F27D;
					};
					C81BAEA2282FC18C0053F27D = {
						CreatedOnToolsVersion = 13.3;
						TestTargetID = C81BAE88282FC18A0053F27D;
					};
				};
			};
			buildConfigurationList = C81BAE84282FC18A0053F27D /* Build configuration list for PBXProject "UITestingNetworking" */;
			compatibilityVersion = "Xcode 13.0";
			developmentRegion = en;
			hasScannedForEncodings = 0;
			knownRegions = (
				en,
				Base,
			);
			mainGroup = C81BAE80282FC18A0053F27D;
			productRefGroup = C81BAE8A282FC18A0053F27D /* Products */;
			projectDirPath = "";
			projectRoot = "";
			targets = (
				C81BAE88282FC18A0053F27D /* UITestingNetworking */,
				C81BAE98282FC18C0053F27D /* UITestingNetworkingTests */,
				C81BAEA2282FC18C0053F27D /* UITestingNetworkingUITests */,
			);
		};
/* End PBXProject section */

/* Begin PBXResourcesBuildPhase section */
		C81BAE87282FC18A0053F27D /* Resources */ = {
			isa = PBXResourcesBuildPhase;
			buildActionMask = 2147483647;
			files = (
				C81BAE94282FC18C0053F27D /* Preview Assets.xcassets in Resources */,
				C81BAE91282FC18C0053F27D /* Assets.xcassets in Resources */,
			);
			runOnlyForDeploymentPostprocessing = 0;
		};
		C81BAE97282FC18C0053F27D /* Resources */ = {
			isa = PBXResourcesBuildPhase;
			buildActionMask = 2147483647;
			files = (
			);
			runOnlyForDeploymentPostprocessing = 0;
		};
		C81BAEA1282FC18C0053F27D /* Resources */ = {
			isa = PBXResourcesBuildPhase;
			buildActionMask = 2147483647;
			files = (
			);
			runOnlyForDeploymentPostprocessing = 0;
		};
/* End PBXResourcesBuildPhase section */

/* Begin PBXSourcesBuildPhase section */
		C81BAE85282FC18A0053F27D /* Sources */ = {
			isa = PBXSourcesBuildPhase;
			buildActionMask = 2147483647;
			files = (
				C81BAE8F282FC18A0053F27D /* ContentView.swift in Sources */,
				C81BAE8D282FC18A0053F27D /* UITestingNetworkingApp.swift in Sources */,
			);
			runOnlyForDeploymentPostprocessing = 0;
		};
		C81BAE95282FC18C0053F27D /* Sources */ = {
			isa = PBXSourcesBuildPhase;
			buildActionMask = 2147483647;
			files = (
				C81BAE9E282FC18C0053F27D /* UITestingNetworkingTests.swift in Sources */,
			);
			runOnlyForDeploymentPostprocessing = 0;
		};
		C81BAE9F282FC18C0053F27D /* Sources */ = {
			isa = PBXSourcesBuildPhase;
			buildActionMask = 2147483647;
			files = (
				C81BAEA8282FC18C0053F27D /* UITestingNetworkingUITests.swift in Sources */,
			);
			runOnlyForDeploymentPostprocessing = 0;
		};
/* End PBXSourcesBuildPhase section */

/* Begin PBXTargetDependency section */
		C81BAE9B282FC18C0053F27D /* PBXTargetDependency */ = {
			isa = PBXTargetDependency;
			target = C81BAE88282FC18A0053F27D /* UITestingNetworking */;
			targetProxy = C81BAE9A282FC18C0053F27D /* PBXContainerItemProxy */;
		};
		C81BAEA5282FC18C0053F27D /* PBXTargetDependency */ = {
			isa = PBXTargetDependency;
			target = C81BAE88282FC18A0053F27D /* UITestingNetworking */;
			targetProxy = C81BAEA4282FC18C0053F27D /* PBXContainerItemProxy */;
		};
/* End PBXTargetDependency section */

/* Begin XCBuildConfiguration section */
		C81BAEAB282FC18C0053F27D /* Debug */ = {
			isa = XCBuildConfiguration;
			buildSettings = {
				ALWAYS_SEARCH_USER_PATHS = NO;
				CLANG_ANALYZER_NONNULL = YES;
				CLANG_ANALYZER_NUMBER_OBJECT_CONVERSION = YES_AGGRESSIVE;
				CLANG_CXX_LANGUAGE_STANDARD = "gnu++17";
				CLANG_ENABLE_MODULES = YES;
				CLANG_ENABLE_OBJC_ARC = YES;
				CLANG_ENABLE_OBJC_WEAK = YES;
				CLANG_WARN_BLOCK_CAPTURE_AUTORELEASING = YES;
				CLANG_WARN_BOOL_CONVERSION = YES;
				CLANG_WARN_COMMA = YES;
				CLANG_WARN_CONSTANT_CONVERSION = YES;
				CLANG_WARN_DEPRECATED_OBJC_IMPLEMENTATIONS = YES;
				CLANG_WARN_DIRECT_OBJC_ISA_USAGE = YES_ERROR;
				CLANG_WARN_DOCUMENTATION_COMMENTS = YES;
				CLANG_WARN_EMPTY_BODY = YES;
				CLANG_WARN_ENUM_CONVERSION = YES;
				CLANG_WARN_INFINITE_RECURSION = YES;
				CLANG_WARN_INT_CONVERSION = YES;
				CLANG_WARN_NON_LITERAL_NULL_CONVERSION = YES;
				CLANG_WARN_OBJC_IMPLICIT_RETAIN_SELF = YES;
				CLANG_WARN_OBJC_LITERAL_CONVERSION = YES;
				CLANG_WARN_OBJC_ROOT_CLASS = YES_ERROR;
				CLANG_WARN_QUOTED_INCLUDE_IN_FRAMEWORK_HEADER = YES;
				CLANG_WARN_RANGE_LOOP_ANALYSIS = YES;
				CLANG_WARN_STRICT_PROTOTYPES = YES;
				CLANG_WARN_SUSPICIOUS_MOVE = YES;
				CLANG_WARN_UNGUARDED_AVAILABILITY = YES_AGGRESSIVE;
				CLANG_WARN_UNREACHABLE_CODE = YES;
				CLANG_WARN__DUPLICATE_METHOD_MATCH = YES;
				COPY_PHASE_STRIP = NO;
				DEBUG_INFORMATION_FORMAT = dwarf;
				ENABLE_STRICT_OBJC_MSGSEND = YES;
				ENABLE_TESTABILITY = YES;
				GCC_C_LANGUAGE_STANDARD = gnu11;
				GCC_DYNAMIC_NO_PIC = NO;
				GCC_NO_COMMON_BLOCKS = YES;
				GCC_OPTIMIZATION_LEVEL = 0;
				GCC_PREPROCESSOR_DEFINITIONS = (
					"DEBUG=1",
					"$(inherited)",
				);
				GCC_WARN_64_TO_32_BIT_CONVERSION = YES;
				GCC_WARN_ABOUT_RETURN_TYPE = YES_ERROR;
				GCC_WARN_UNDECLARED_SELECTOR = YES;
				GCC_WARN_UNINITIALIZED_AUTOS = YES_AGGRESSIVE;
				GCC_WARN_UNUSED_FUNCTION = YES;
				GCC_WARN_UNUSED_VARIABLE = YES;
				IPHONEOS_DEPLOYMENT_TARGET = 15.4;
				MTL_ENABLE_DEBUG_INFO = INCLUDE_SOURCE;
				MTL_FAST_MATH = YES;
				ONLY_ACTIVE_ARCH = YES;
				SDKROOT = iphoneos;
				SWIFT_ACTIVE_COMPILATION_CONDITIONS = DEBUG;
				SWIFT_OPTIMIZATION_LEVEL = "-Onone";
			};
			name = Debug;
		};
		C81BAEAC282FC18C0053F27D /* Release */ = {
			isa = XCBuildConfiguration;
			buildSettings = {
				ALWAYS_SEARCH_USER_PATHS = NO;
				CLANG_ANALYZER_NONNULL = YES;
				CLANG_ANALYZER_NUMBER_OBJECT_CONVERSION = YES_AGGRESSIVE;
				CLANG_CXX_LANGUAGE_STANDARD = "gnu++17";
				CLANG_ENABLE_MODULES = YES;
				CLANG_ENABLE_OBJC_ARC = YES;
				CLANG_ENABLE_OBJC_WEAK = YES;
				CLANG_WARN_BLOCK_CAPTURE_AUTORELEASING = YES;
				CLANG_WARN_BOOL_CONVERSION = YES;
				CLANG_WARN_COMMA = YES;
				CLANG_WARN_CONSTANT_CONVERSION = YES;
				CLANG_WARN_DEPRECATED_OBJC_IMPLEMENTATIONS = YES;
				CLANG_WARN_DIRECT_OBJC_ISA_USAGE = YES_ERROR;
				CLANG_WARN_DOCUMENTATION_COMMENTS = YES;
				CLANG_WARN_EMPTY_BODY = YES;
				CLANG_WARN_ENUM_CONVERSION = YES;
				CLANG_WARN_INFINITE_RECURSION = YES;
				CLANG_WARN_INT_CONVERSION = YES;
				CLANG_WARN_NON_LITERAL_NULL_CONVERSION = YES;
				CLANG_WARN_OBJC_IMPLICIT_RETAIN_SELF = YES;
				CLANG_WARN_OBJC_LITERAL_CONVERSION = YES;
				CLANG_WARN_OBJC_ROOT_CLASS = YES_ERROR;
				CLANG_WARN_QUOTED_INCLUDE_IN_FRAMEWORK_HEADER = YES;
				CLANG_WARN_RANGE_LOOP_ANALYSIS = YES;
				CLANG_WARN_STRICT_PROTOTYPES = YES;
				CLANG_WARN_SUSPICIOUS_MOVE = YES;
				CLANG_WARN_UNGUARDED_AVAILABILITY = YES_AGGRESSIVE;
				CLANG_WARN_UNREACHABLE_CODE = YES;
				CLANG_WARN__DUPLICATE_METHOD_MATCH = YES;
				COPY_PHASE_STRIP = NO;
				DEBUG_INFORMATION_FORMAT = "dwarf-with-dsym";
				ENABLE_NS_ASSERTIONS = NO;
				ENABLE_STRICT_OBJC_MSGSEND = YES;
				GCC_C_LANGUAGE_STANDARD = gnu11;
				GCC_NO_COMMON_BLOCKS = YES;
				GCC_WARN_64_TO_32_BIT_CONVERSION = YES;
				GCC_WARN_ABOUT_RETURN_TYPE = YES_ERROR;
				GCC_WARN_UNDECLARED_SELECTOR = YES;
				GCC_WARN_UNINITIALIZED_AUTOS = YES_AGGRESSIVE;
				GCC_WARN_UNUSED_FUNCTION = YES;
				GCC_WARN_UNUSED_VARIABLE = YES;
				IPHONEOS_DEPLOYMENT_TARGET = 15.4;
				MTL_ENABLE_DEBUG_INFO = NO;
				MTL_FAST_MATH = YES;
				SDKROOT = iphoneos;
				SWIFT_COMPILATION_MODE = wholemodule;
				SWIFT_OPTIMIZATION_LEVEL = "-O";
				VALIDATE_PRODUCT = YES;
			};
			name = Release;
		};
		C81BAEAE282FC18C0053F27D /* Debug */ = {
			isa = XCBuildConfiguration;
			buildSettings = {
				ASSETCATALOG_COMPILER_APPICON_NAME = AppIcon;
				ASSETCATALOG_COMPILER_GLOBAL_ACCENT_COLOR_NAME = AccentColor;
				CODE_SIGN_STYLE = Automatic;
				CURRENT_PROJECT_VERSION = 1;
				DEVELOPMENT_ASSET_PATHS = "\"UITestingNetworking/Preview Content\"";
				DEVELOPMENT_TEAM = XJPC47UM3W;
				ENABLE_PREVIEWS = YES;
				GENERATE_INFOPLIST_FILE = YES;
				INFOPLIST_KEY_UIApplicationSceneManifest_Generation = YES;
				INFOPLIST_KEY_UIApplicationSupportsIndirectInputEvents = YES;
				INFOPLIST_KEY_UILaunchScreen_Generation = YES;
				INFOPLIST_KEY_UISupportedInterfaceOrientations_iPad = "UIInterfaceOrientationPortrait UIInterfaceOrientationPortraitUpsideDown UIInterfaceOrientationLandscapeLeft UIInterfaceOrientationLandscapeRight";
				INFOPLIST_KEY_UISupportedInterfaceOrientations_iPhone = "UIInterfaceOrientationPortrait UIInterfaceOrientationLandscapeLeft UIInterfaceOrientationLandscapeRight";
				LD_RUNPATH_SEARCH_PATHS = (
					"$(inherited)",
					"@executable_path/Frameworks",
				);
				MARKETING_VERSION = 1.0;
				PRODUCT_BUNDLE_IDENTIFIER = com.augmentedcode.UITestingNetworking;
				PRODUCT_NAME = "$(TARGET_NAME)";
				SWIFT_EMIT_LOC_STRINGS = YES;
				SWIFT_VERSION = 5.0;
				TARGETED_DEVICE_FAMILY = "1,2";
			};
			name = Debug;
		};
		C81BAEAF282FC18C0053F27D /* Release */ = {
			isa = XCBuildConfiguration;
			buildSettings = {
				ASSETCATALOG_COMPILER_APPICON_NAME = AppIcon;
				ASSETCATALOG_COMPILER_GLOBAL_ACCENT_COLOR_NAME = AccentColor;
				CODE_SIGN_STYLE = Automatic;
				CURRENT_PROJECT_VERSION = 1;
				DEVELOPMENT_ASSET_PATHS = "\"UITestingNetworking/Preview Content\"";
				DEVELOPMENT_TEAM = XJPC47UM3W;
				ENABLE_PREVIEWS = YES;
				GENERATE_INFOPLIST_FILE = YES;
				INFOPLIST_KEY_UIApplicationSceneManifest_Generation = YES;
				INFOPLIST_KEY_UIApplicationSupportsIndirectInputEvents = YES;
				INFOPLIST_KEY_UILaunchScreen_Generation = YES;
				INFOPLIST_KEY_UISupportedInterfaceOrientations_iPad = "UIInterfaceOrientationPortrait UIInterfaceOrientationPortraitUpsideDown UIInterfaceOrientationLandscapeLeft UIInterfaceOrientationLandscapeRight";
				INFOPLIST_KEY_UISupportedInterfaceOrientations_iPhone = "UIInterfaceOrientationPortrait UIInterfaceOrientationLandscapeLeft UIInterfaceOrientationLandscapeRight";
				LD_RUNPATH_SEARCH_PATHS = (
					"$(inherited)",
					"@executable_path/Frameworks",
				);
				MARKETING_VERSION = 1.0;
				PRODUCT_BUNDLE_IDENTIFIER = com.augmentedcode.UITestingNetworking;
				PRODUCT_NAME = "$(TARGET_NAME)";
				SWIFT_EMIT_LOC_STRINGS = YES;
				SWIFT_VERSION = 5.0;
				TARGETED_DEVICE_FAMILY = "1,2";
			};
			name = Release;
		};
		C81BAEB1282FC18C0053F27D /* Debug */ = {
			isa = XCBuildConfiguration;
			buildSettings = {
				ALWAYS_EMBED_SWIFT_STANDARD_LIBRARIES = YES;
				BUNDLE_LOADER = "$(TEST_HOST)";
				CODE_SIGN_STYLE = Automatic;
				CURRENT_PROJECT_VERSION = 1;
				DEVELOPMENT_TEAM = XJPC47UM3W;
				GENERATE_INFOPLIST_FILE = YES;
				IPHONEOS_DEPLOYMENT_TARGET = 15.4;
				MARKETING_VERSION = 1.0;
				PRODUCT_BUNDLE_IDENTIFIER = com.augmentedcode.UITestingNetworkingTests;
				PRODUCT_NAME = "$(TARGET_NAME)";
				SWIFT_EMIT_LOC_STRINGS = NO;
				SWIFT_VERSION = 5.0;
				TARGETED_DEVICE_FAMILY = "1,2";
				TEST_HOST = "$(BUILT_PRODUCTS_DIR)/UITestingNetworking.app/UITestingNetworking";
			};
			name = Debug;
		};
		C81BAEB2282FC18C0053F27D /* Release */ = {
			isa = XCBuildConfiguration;
			buildSettings = {
				ALWAYS_EMBED_SWIFT_STANDARD_LIBRARIES = YES;
				BUNDLE_LOADER = "$(TEST_HOST)";
				CODE_SIGN_STYLE = Automatic;
				CURRENT_PROJECT_VERSION = 1;
				DEVELOPMENT_TEAM = XJPC47UM3W;
				GENERATE_INFOPLIST_FILE = YES;
				IPHONEOS_DEPLOYMENT_TARGET = 15.4;
				MARKETING_VERSION = 1.0;
				PRODUCT_BUNDLE_IDENTIFIER = com.augmentedcode.UITestingNetworkingTests;
				PRODUCT_NAME = "$(TARGET_NAME)";
				SWIFT_EMIT_LOC_STRINGS = NO;
				SWIFT_VERSION = 5.0;
				TARGETED_DEVICE_FAMILY = "1,2";
				TEST_HOST = "$(BUILT_PRODUCTS_DIR)/UITestingNetworking.app/UITestingNetworking";
			};
			name = Release;
		};
		C81BAEB4282FC18C0053F27D /* Debug */ = {
			isa = XCBuildConfiguration;
			buildSettings = {
				ALWAYS_EMBED_SWIFT_STANDARD_LIBRARIES = YES;
				CODE_SIGN_STYLE = Automatic;
				CURRENT_PROJECT_VERSION = 1;
				DEVELOPMENT_TEAM = XJPC47UM3W;
				GENERATE_INFOPLIST_FILE = YES;
				MARKETING_VERSION = 1.0;
				PRODUCT_BUNDLE_IDENTIFIER = com.augmentedcode.UITestingNetworkingUITests;
				PRODUCT_NAME = "$(TARGET_NAME)";
				SWIFT_EMIT_LOC_STRINGS = NO;
				SWIFT_VERSION = 5.0;
				TARGETED_DEVICE_FAMILY = "1,2";
				TEST_TARGET_NAME = UITestingNetworking;
			};
			name = Debug;
		};
		C81BAEB5282FC18C0053F27D /* Release */ = {
			isa = XCBuildConfiguration;
			buildSettings = {
				ALWAYS_EMBED_SWIFT_STANDARD_LIBRARIES = YES;
				CODE_SIGN_STYLE = Automatic;
				CURRENT_PROJECT_VERSION = 1;
				DEVELOPMENT_TEAM = XJPC47UM3W;
				GENERATE_INFOPLIST_FILE = YES;
				MARKETING_VERSION = 1.0;
				PRODUCT_BUNDLE_IDENTIFIER = com.augmentedcode.UITestingNetworkingUITests;
				PRODUCT_NAME = "$(TARGET_NAME)";
				SWIFT_EMIT_LOC_STRINGS = NO;
				SWIFT_VERSION = 5.0;
				TARGETED_DEVICE_FAMILY = "1,2";
				TEST_TARGET_NAME = UITestingNetworking;
			};
			name = Release;
		};
/* End XCBuildConfiguration section */

/* Begin XCConfigurationList section */
		C81BAE84282FC18A0053F27D /* Build configuration list for PBXProject "UITestingNetworking" */ = {
			isa = XCConfigurationList;
			buildConfigurations = (
				C81BAEAB282FC18C0053F27D /* Debug */,
				C81BAEAC282FC18C0053F27D /* Release */,
			);
			defaultConfigurationIsVisible = 0;
			defaultConfigurationName = Release;
		};
		C81BAEAD282FC18C0053F27D /* Build configuration list for PBXNativeTarget "UITestingNetworking" */ = {
			isa = XCConfigurationList;
			buildConfigurations = (
				C81BAEAE282FC18C0053F27D /* Debug */,
				C81BAEAF282FC18C0053F27D /* Release */,
			);
			defaultConfigurationIsVisible = 0;
			defaultConfigurationName = Release;
		};
		C81BAEB0282FC18C0053F27D /* Build configuration list for PBXNativeTarget "UITestingNetworkingTests" */ = {
			isa = XCConfigurationList;
			buildConfigurations = (
				C81BAEB1282FC18C0053F27D /* Debug */,
				C81BAEB2282FC18C0053F27D /* Release */,
			);
			defaultConfigurationIsVisible = 0;
			defaultConfigurationName = Release;
		};
		C81BAEB3282FC18C0053F27D /* Build configuration list for PBXNativeTarget "UITestingNetworkingUITests" */ = {
			isa = XCConfigurationList;
			buildConfigurations = (
				C81BAEB4282FC18C0053F27D /* Debug */,
				C81BAEB5282FC18C0053F27D /* Release */,
			);
			defaultConfigurationIsVisible = 0;
			defaultConfigurationName = Release;
		};
/* End XCConfigurationList section */

/* Begin XCSwiftPackageProductDependency section */
		C82FEBF02879A9E100F86585 /* UITestingSupport */ = {
			isa = XCSwiftPackageProductDependency;
			productName = UITestingSupport;
		};
/* End XCSwiftPackageProductDependency section */
	};
	rootObject = C81BAE81282FC18A0053F27D /* Project object */;
}
